
Microsoft Visual Studio Solution File, Format Version 12.00
# Visual Studio 15
VisualStudioVersion = 15.0.27004.2008
MinimumVisualStudioVersion = 10.0.40219.1
Project("{8BC9CEB8-8B4A-11D0-8D11-00A0C91BC942}") = "AudioEngine", "DynamicMusic\DynamicMusic.vcxproj", "{97245E0F-F802-4B64-84D9-D11CDA946964}"
EndProject
Project("{8BC9CEB8-8B4A-11D0-8D11-00A0C91BC942}") = "SampleProject", "SampleProject\SampleProject.vcxproj", "{8D8EBABD-B083-4775-AF55-FB256B45BCFC}"
EndProject
Project("{FAE04EC0-301F-11D3-BF4B-00C04F79EFBC}") = "Neural", "Neural\Neural.csproj", "{D1E376D9-20E0-42D4-AE0B-C395CC90B27C}"
EndProject
Project("{FAE04EC0-301F-11D3-BF4B-00C04F79EFBC}") = "MusicAnalysis", "MusicAnalysis\MusicAnalysis.csproj", "{C87AAAF1-FA74-4D1F-B80F-5BDBFBD06A04}"
EndProject
Project("{FAE04EC0-301F-11D3-BF4B-00C04F79EFBC}") = "AnalyzerConsole", "AnalyzerConsole\AnalyzerConsole.csproj", "{23731093-41B1-47D9-BB9B-24A2F5535AFD}"
EndProject
Project("{8BC9CEB8-8B4A-11D0-8D11-00A0C91BC942}") = "AudioEngineWrapper", "AudioEngineWrapper\AudioEngineWrapper.vcxproj", "{D0DDC1EB-E168-48EB-8A7C-64F1A6D82B19}"
EndProject
Project("{FAE04EC0-301F-11D3-BF4B-00C04F79EFBC}") = "NeuralTest", "NeuralTest\NeuralTest.csproj", "{25B892B3-543B-4C50-A740-89F51FE80C6F}"
EndProject
Project("{2150E333-8FDC-42A3-9474-1A3956D46DE8}") = "NeuralN", "NeuralN", "{2EAF76CF-F2D1-4161-B905-33D78904C83E}"
EndProject
Project("{2150E333-8FDC-42A3-9474-1A3956D46DE8}") = "Audio", "Audio", "{D6015C4C-D987-45A6-94F4-6FAE1BA2D3B5}"
EndProject
Project("{FAE04EC0-301F-11D3-BF4B-00C04F79EFBC}") = "AccordTest", "AccordTest\AccordTest.csproj", "{B3D4DCCD-D2B1-45DA-8322-10E8DA4AF087}"
EndProject
Project("{2150E333-8FDC-42A3-9474-1A3956D46DE8}") = "Analysis", "Analysis", "{6E70CF21-11B8-46BD-A2D3-0C8BEBAF81C2}"
EndProject
Project("{FAE04EC0-301F-11D3-BF4B-00C04F79EFBC}") = "Analysis", "Analysis\Analysis.csproj", "{5885CC7A-EF12-4782-90A0-AE547B3B9F06}"
EndProject
Project("{FAE04EC0-301F-11D3-BF4B-00C04F79EFBC}") = "AnalyzerWindow", "AnalyzerWindow\AnalyzerWindow.csproj", "{444B45C9-748B-480A-9ADA-732BB6A3B068}"
EndProject
Project("{2150E333-8FDC-42A3-9474-1A3956D46DE8}") = "Helper", "Helper", "{918ED289-3087-43D4-A168-73CE4F94C850}"
EndProject
Project("{FAE04EC0-301F-11D3-BF4B-00C04F79EFBC}") = "CSVReadWriter", "CSVReadWriter\CSVReadWriter.csproj", "{ADAD8D3A-D5AE-41A9-B6CE-8217E9DA0979}"
EndProject
Project("{FAE04EC0-301F-11D3-BF4B-00C04F79EFBC}") = "AudioEngineCSharp", "AudioEngineCSharp\AudioEngineCSharp.csproj", "{36E31F08-6EAE-450B-BAD2-3EC619003D63}"
EndProject
Project("{8BC9CEB8-8B4A-11D0-8D11-00A0C91BC942}") = "AudioEngine2", "AudioEngine2\AudioEngine2.vcxproj", "{B2B41975-08C7-4FD9-AB8F-027D06E238D7}"
EndProject
Project("{FAE04EC0-301F-11D3-BF4B-00C04F79EFBC}") = "AudioEngineCSharpTest", "AudioEngineCSharpTest\AudioEngineCSharpTest.csproj", "{CEF9FEAC-172C-4E49-9A8A-57372E76B00C}"
EndProject
Global
	GlobalSection(SolutionConfigurationPlatforms) = preSolution
		Debug|Any CPU = Debug|Any CPU
		Debug|x64 = Debug|x64
		Debug|x86 = Debug|x86
		Release|Any CPU = Release|Any CPU
		Release|x64 = Release|x64
		Release|x86 = Release|x86
	EndGlobalSection
	GlobalSection(ProjectConfigurationPlatforms) = postSolution
		{97245E0F-F802-4B64-84D9-D11CDA946964}.Debug|Any CPU.ActiveCfg = Debug|Win32
		{97245E0F-F802-4B64-84D9-D11CDA946964}.Debug|x64.ActiveCfg = Debug|x64
		{97245E0F-F802-4B64-84D9-D11CDA946964}.Debug|x64.Build.0 = Debug|x64
		{97245E0F-F802-4B64-84D9-D11CDA946964}.Debug|x86.ActiveCfg = Debug|Win32
		{97245E0F-F802-4B64-84D9-D11CDA946964}.Debug|x86.Build.0 = Debug|Win32
		{97245E0F-F802-4B64-84D9-D11CDA946964}.Release|Any CPU.ActiveCfg = Release|Win32
		{97245E0F-F802-4B64-84D9-D11CDA946964}.Release|x64.ActiveCfg = Release|x64
		{97245E0F-F802-4B64-84D9-D11CDA946964}.Release|x64.Build.0 = Release|x64
		{97245E0F-F802-4B64-84D9-D11CDA946964}.Release|x86.ActiveCfg = Release|Win32
		{97245E0F-F802-4B64-84D9-D11CDA946964}.Release|x86.Build.0 = Release|Win32
		{8D8EBABD-B083-4775-AF55-FB256B45BCFC}.Debug|Any CPU.ActiveCfg = Debug|Win32
		{8D8EBABD-B083-4775-AF55-FB256B45BCFC}.Debug|x64.ActiveCfg = Debug|x64
		{8D8EBABD-B083-4775-AF55-FB256B45BCFC}.Debug|x64.Build.0 = Debug|x64
		{8D8EBABD-B083-4775-AF55-FB256B45BCFC}.Debug|x86.ActiveCfg = Debug|Win32
		{8D8EBABD-B083-4775-AF55-FB256B45BCFC}.Debug|x86.Build.0 = Debug|Win32
		{8D8EBABD-B083-4775-AF55-FB256B45BCFC}.Release|Any CPU.ActiveCfg = Release|Win32
		{8D8EBABD-B083-4775-AF55-FB256B45BCFC}.Release|x64.ActiveCfg = Release|x64
		{8D8EBABD-B083-4775-AF55-FB256B45BCFC}.Release|x64.Build.0 = Release|x64
		{8D8EBABD-B083-4775-AF55-FB256B45BCFC}.Release|x86.ActiveCfg = Release|Win32
		{8D8EBABD-B083-4775-AF55-FB256B45BCFC}.Release|x86.Build.0 = Release|Win32
		{D1E376D9-20E0-42D4-AE0B-C395CC90B27C}.Debug|Any CPU.ActiveCfg = Debug|Any CPU
		{D1E376D9-20E0-42D4-AE0B-C395CC90B27C}.Debug|Any CPU.Build.0 = Debug|Any CPU
		{D1E376D9-20E0-42D4-AE0B-C395CC90B27C}.Debug|x64.ActiveCfg = Debug|Any CPU
		{D1E376D9-20E0-42D4-AE0B-C395CC90B27C}.Debug|x64.Build.0 = Debug|Any CPU
		{D1E376D9-20E0-42D4-AE0B-C395CC90B27C}.Debug|x86.ActiveCfg = Debug|Any CPU
		{D1E376D9-20E0-42D4-AE0B-C395CC90B27C}.Debug|x86.Build.0 = Debug|Any CPU
		{D1E376D9-20E0-42D4-AE0B-C395CC90B27C}.Release|Any CPU.ActiveCfg = Release|Any CPU
		{D1E376D9-20E0-42D4-AE0B-C395CC90B27C}.Release|Any CPU.Build.0 = Release|Any CPU
		{D1E376D9-20E0-42D4-AE0B-C395CC90B27C}.Release|x64.ActiveCfg = Release|Any CPU
		{D1E376D9-20E0-42D4-AE0B-C395CC90B27C}.Release|x64.Build.0 = Release|Any CPU
		{D1E376D9-20E0-42D4-AE0B-C395CC90B27C}.Release|x86.ActiveCfg = Release|Any CPU
		{D1E376D9-20E0-42D4-AE0B-C395CC90B27C}.Release|x86.Build.0 = Release|Any CPU
		{C87AAAF1-FA74-4D1F-B80F-5BDBFBD06A04}.Debug|Any CPU.ActiveCfg = Debug|Any CPU
		{C87AAAF1-FA74-4D1F-B80F-5BDBFBD06A04}.Debug|Any CPU.Build.0 = Debug|Any CPU
		{C87AAAF1-FA74-4D1F-B80F-5BDBFBD06A04}.Debug|x64.ActiveCfg = Debug|Any CPU
		{C87AAAF1-FA74-4D1F-B80F-5BDBFBD06A04}.Debug|x64.Build.0 = Debug|Any CPU
		{C87AAAF1-FA74-4D1F-B80F-5BDBFBD06A04}.Debug|x86.ActiveCfg = Debug|Any CPU
		{C87AAAF1-FA74-4D1F-B80F-5BDBFBD06A04}.Debug|x86.Build.0 = Debug|Any CPU
		{C87AAAF1-FA74-4D1F-B80F-5BDBFBD06A04}.Release|Any CPU.ActiveCfg = Release|Any CPU
		{C87AAAF1-FA74-4D1F-B80F-5BDBFBD06A04}.Release|Any CPU.Build.0 = Release|Any CPU
		{C87AAAF1-FA74-4D1F-B80F-5BDBFBD06A04}.Release|x64.ActiveCfg = Release|Any CPU
		{C87AAAF1-FA74-4D1F-B80F-5BDBFBD06A04}.Release|x64.Build.0 = Release|Any CPU
		{C87AAAF1-FA74-4D1F-B80F-5BDBFBD06A04}.Release|x86.ActiveCfg = Release|Any CPU
		{C87AAAF1-FA74-4D1F-B80F-5BDBFBD06A04}.Release|x86.Build.0 = Release|Any CPU
		{23731093-41B1-47D9-BB9B-24A2F5535AFD}.Debug|Any CPU.ActiveCfg = Debug|Any CPU
		{23731093-41B1-47D9-BB9B-24A2F5535AFD}.Debug|Any CPU.Build.0 = Debug|Any CPU
		{23731093-41B1-47D9-BB9B-24A2F5535AFD}.Debug|x64.ActiveCfg = Debug|Any CPU
		{23731093-41B1-47D9-BB9B-24A2F5535AFD}.Debug|x64.Build.0 = Debug|Any CPU
		{23731093-41B1-47D9-BB9B-24A2F5535AFD}.Debug|x86.ActiveCfg = Debug|Any CPU
		{23731093-41B1-47D9-BB9B-24A2F5535AFD}.Debug|x86.Build.0 = Debug|Any CPU
		{23731093-41B1-47D9-BB9B-24A2F5535AFD}.Release|Any CPU.ActiveCfg = Release|Any CPU
		{23731093-41B1-47D9-BB9B-24A2F5535AFD}.Release|Any CPU.Build.0 = Release|Any CPU
		{23731093-41B1-47D9-BB9B-24A2F5535AFD}.Release|x64.ActiveCfg = Release|Any CPU
		{23731093-41B1-47D9-BB9B-24A2F5535AFD}.Release|x64.Build.0 = Release|Any CPU
		{23731093-41B1-47D9-BB9B-24A2F5535AFD}.Release|x86.ActiveCfg = Release|Any CPU
		{23731093-41B1-47D9-BB9B-24A2F5535AFD}.Release|x86.Build.0 = Release|Any CPU
		{D0DDC1EB-E168-48EB-8A7C-64F1A6D82B19}.Debug|Any CPU.ActiveCfg = Debug|Win32
		{D0DDC1EB-E168-48EB-8A7C-64F1A6D82B19}.Debug|x64.ActiveCfg = Debug|x64
		{D0DDC1EB-E168-48EB-8A7C-64F1A6D82B19}.Debug|x64.Build.0 = Debug|x64
		{D0DDC1EB-E168-48EB-8A7C-64F1A6D82B19}.Debug|x86.ActiveCfg = Debug|Win32
		{D0DDC1EB-E168-48EB-8A7C-64F1A6D82B19}.Debug|x86.Build.0 = Debug|Win32
		{D0DDC1EB-E168-48EB-8A7C-64F1A6D82B19}.Release|Any CPU.ActiveCfg = Release|Win32
		{D0DDC1EB-E168-48EB-8A7C-64F1A6D82B19}.Release|x64.ActiveCfg = Release|x64
		{D0DDC1EB-E168-48EB-8A7C-64F1A6D82B19}.Release|x64.Build.0 = Release|x64
		{D0DDC1EB-E168-48EB-8A7C-64F1A6D82B19}.Release|x86.ActiveCfg = Release|Win32
		{D0DDC1EB-E168-48EB-8A7C-64F1A6D82B19}.Release|x86.Build.0 = Release|Win32
		{25B892B3-543B-4C50-A740-89F51FE80C6F}.Debug|Any CPU.ActiveCfg = Debug|Any CPU
		{25B892B3-543B-4C50-A740-89F51FE80C6F}.Debug|Any CPU.Build.0 = Debug|Any CPU
		{25B892B3-543B-4C50-A740-89F51FE80C6F}.Debug|x64.ActiveCfg = Debug|Any CPU
		{25B892B3-543B-4C50-A740-89F51FE80C6F}.Debug|x64.Build.0 = Debug|Any CPU
		{25B892B3-543B-4C50-A740-89F51FE80C6F}.Debug|x86.ActiveCfg = Debug|Any CPU
		{25B892B3-543B-4C50-A740-89F51FE80C6F}.Debug|x86.Build.0 = Debug|Any CPU
		{25B892B3-543B-4C50-A740-89F51FE80C6F}.Release|Any CPU.ActiveCfg = Release|Any CPU
		{25B892B3-543B-4C50-A740-89F51FE80C6F}.Release|Any CPU.Build.0 = Release|Any CPU
		{25B892B3-543B-4C50-A740-89F51FE80C6F}.Release|x64.ActiveCfg = Release|Any CPU
		{25B892B3-543B-4C50-A740-89F51FE80C6F}.Release|x64.Build.0 = Release|Any CPU
		{25B892B3-543B-4C50-A740-89F51FE80C6F}.Release|x86.ActiveCfg = Release|Any CPU
		{25B892B3-543B-4C50-A740-89F51FE80C6F}.Release|x86.Build.0 = Release|Any CPU
		{B3D4DCCD-D2B1-45DA-8322-10E8DA4AF087}.Debug|Any CPU.ActiveCfg = Debug|Any CPU
		{B3D4DCCD-D2B1-45DA-8322-10E8DA4AF087}.Debug|Any CPU.Build.0 = Debug|Any CPU
		{B3D4DCCD-D2B1-45DA-8322-10E8DA4AF087}.Debug|x64.ActiveCfg = Debug|Any CPU
		{B3D4DCCD-D2B1-45DA-8322-10E8DA4AF087}.Debug|x64.Build.0 = Debug|Any CPU
		{B3D4DCCD-D2B1-45DA-8322-10E8DA4AF087}.Debug|x86.ActiveCfg = Debug|Any CPU
		{B3D4DCCD-D2B1-45DA-8322-10E8DA4AF087}.Debug|x86.Build.0 = Debug|Any CPU
		{B3D4DCCD-D2B1-45DA-8322-10E8DA4AF087}.Release|Any CPU.ActiveCfg = Release|Any CPU
		{B3D4DCCD-D2B1-45DA-8322-10E8DA4AF087}.Release|Any CPU.Build.0 = Release|Any CPU
		{B3D4DCCD-D2B1-45DA-8322-10E8DA4AF087}.Release|x64.ActiveCfg = Release|Any CPU
		{B3D4DCCD-D2B1-45DA-8322-10E8DA4AF087}.Release|x64.Build.0 = Release|Any CPU
		{B3D4DCCD-D2B1-45DA-8322-10E8DA4AF087}.Release|x86.ActiveCfg = Release|Any CPU
		{B3D4DCCD-D2B1-45DA-8322-10E8DA4AF087}.Release|x86.Build.0 = Release|Any CPU
		{5885CC7A-EF12-4782-90A0-AE547B3B9F06}.Debug|Any CPU.ActiveCfg = Debug|Any CPU
		{5885CC7A-EF12-4782-90A0-AE547B3B9F06}.Debug|Any CPU.Build.0 = Debug|Any CPU
		{5885CC7A-EF12-4782-90A0-AE547B3B9F06}.Debug|x64.ActiveCfg = Debug|Any CPU
		{5885CC7A-EF12-4782-90A0-AE547B3B9F06}.Debug|x64.Build.0 = Debug|Any CPU
		{5885CC7A-EF12-4782-90A0-AE547B3B9F06}.Debug|x86.ActiveCfg = Debug|Any CPU
		{5885CC7A-EF12-4782-90A0-AE547B3B9F06}.Debug|x86.Build.0 = Debug|Any CPU
		{5885CC7A-EF12-4782-90A0-AE547B3B9F06}.Release|Any CPU.ActiveCfg = Release|Any CPU
		{5885CC7A-EF12-4782-90A0-AE547B3B9F06}.Release|Any CPU.Build.0 = Release|Any CPU
		{5885CC7A-EF12-4782-90A0-AE547B3B9F06}.Release|x64.ActiveCfg = Release|Any CPU
		{5885CC7A-EF12-4782-90A0-AE547B3B9F06}.Release|x64.Build.0 = Release|Any CPU
		{5885CC7A-EF12-4782-90A0-AE547B3B9F06}.Release|x86.ActiveCfg = Release|Any CPU
		{5885CC7A-EF12-4782-90A0-AE547B3B9F06}.Release|x86.Build.0 = Release|Any CPU
		{444B45C9-748B-480A-9ADA-732BB6A3B068}.Debug|Any CPU.ActiveCfg = Debug|Any CPU
		{444B45C9-748B-480A-9ADA-732BB6A3B068}.Debug|Any CPU.Build.0 = Debug|Any CPU
		{444B45C9-748B-480A-9ADA-732BB6A3B068}.Debug|x64.ActiveCfg = Debug|Any CPU
		{444B45C9-748B-480A-9ADA-732BB6A3B068}.Debug|x64.Build.0 = Debug|Any CPU
		{444B45C9-748B-480A-9ADA-732BB6A3B068}.Debug|x86.ActiveCfg = Debug|Any CPU
		{444B45C9-748B-480A-9ADA-732BB6A3B068}.Debug|x86.Build.0 = Debug|Any CPU
		{444B45C9-748B-480A-9ADA-732BB6A3B068}.Release|Any CPU.ActiveCfg = Release|Any CPU
		{444B45C9-748B-480A-9ADA-732BB6A3B068}.Release|Any CPU.Build.0 = Release|Any CPU
		{444B45C9-748B-480A-9ADA-732BB6A3B068}.Release|x64.ActiveCfg = Release|Any CPU
		{444B45C9-748B-480A-9ADA-732BB6A3B068}.Release|x64.Build.0 = Release|Any CPU
		{444B45C9-748B-480A-9ADA-732BB6A3B068}.Release|x86.ActiveCfg = Release|Any CPU
		{444B45C9-748B-480A-9ADA-732BB6A3B068}.Release|x86.Build.0 = Release|Any CPU
		{ADAD8D3A-D5AE-41A9-B6CE-8217E9DA0979}.Debug|Any CPU.ActiveCfg = Debug|Any CPU
		{ADAD8D3A-D5AE-41A9-B6CE-8217E9DA0979}.Debug|Any CPU.Build.0 = Debug|Any CPU
		{ADAD8D3A-D5AE-41A9-B6CE-8217E9DA0979}.Debug|x64.ActiveCfg = Debug|Any CPU
		{ADAD8D3A-D5AE-41A9-B6CE-8217E9DA0979}.Debug|x64.Build.0 = Debug|Any CPU
		{ADAD8D3A-D5AE-41A9-B6CE-8217E9DA0979}.Debug|x86.ActiveCfg = Debug|Any CPU
		{ADAD8D3A-D5AE-41A9-B6CE-8217E9DA0979}.Debug|x86.Build.0 = Debug|Any CPU
		{ADAD8D3A-D5AE-41A9-B6CE-8217E9DA0979}.Release|Any CPU.ActiveCfg = Release|Any CPU
		{ADAD8D3A-D5AE-41A9-B6CE-8217E9DA0979}.Release|Any CPU.Build.0 = Release|Any CPU
		{ADAD8D3A-D5AE-41A9-B6CE-8217E9DA0979}.Release|x64.ActiveCfg = Release|Any CPU
		{ADAD8D3A-D5AE-41A9-B6CE-8217E9DA0979}.Release|x64.Build.0 = Release|Any CPU
		{ADAD8D3A-D5AE-41A9-B6CE-8217E9DA0979}.Release|x86.ActiveCfg = Release|Any CPU
		{ADAD8D3A-D5AE-41A9-B6CE-8217E9DA0979}.Release|x86.Build.0 = Release|Any CPU
		{36E31F08-6EAE-450B-BAD2-3EC619003D63}.Debug|Any CPU.ActiveCfg = Debug|Any CPU
		{36E31F08-6EAE-450B-BAD2-3EC619003D63}.Debug|Any CPU.Build.0 = Debug|Any CPU
		{36E31F08-6EAE-450B-BAD2-3EC619003D63}.Debug|x64.ActiveCfg = Debug|Any CPU
		{36E31F08-6EAE-450B-BAD2-3EC619003D63}.Debug|x64.Build.0 = Debug|Any CPU
		{36E31F08-6EAE-450B-BAD2-3EC619003D63}.Debug|x86.ActiveCfg = Debug|Any CPU
		{36E31F08-6EAE-450B-BAD2-3EC619003D63}.Debug|x86.Build.0 = Debug|Any CPU
		{36E31F08-6EAE-450B-BAD2-3EC619003D63}.Release|Any CPU.ActiveCfg = Release|Any CPU
		{36E31F08-6EAE-450B-BAD2-3EC619003D63}.Release|Any CPU.Build.0 = Release|Any CPU
		{36E31F08-6EAE-450B-BAD2-3EC619003D63}.Release|x64.ActiveCfg = Release|Any CPU
		{36E31F08-6EAE-450B-BAD2-3EC619003D63}.Release|x64.Build.0 = Release|Any CPU
		{36E31F08-6EAE-450B-BAD2-3EC619003D63}.Release|x86.ActiveCfg = Release|Any CPU
		{36E31F08-6EAE-450B-BAD2-3EC619003D63}.Release|x86.Build.0 = Release|Any CPU
		{B2B41975-08C7-4FD9-AB8F-027D06E238D7}.Debug|Any CPU.ActiveCfg = Debug|Win32
		{B2B41975-08C7-4FD9-AB8F-027D06E238D7}.Debug|x64.ActiveCfg = Debug|x64
		{B2B41975-08C7-4FD9-AB8F-027D06E238D7}.Debug|x64.Build.0 = Debug|x64
		{B2B41975-08C7-4FD9-AB8F-027D06E238D7}.Debug|x86.ActiveCfg = Debug|Win32
		{B2B41975-08C7-4FD9-AB8F-027D06E238D7}.Debug|x86.Build.0 = Debug|Win32
		{B2B41975-08C7-4FD9-AB8F-027D06E238D7}.Release|Any CPU.ActiveCfg = Release|Win32
		{B2B41975-08C7-4FD9-AB8F-027D06E238D7}.Release|x64.ActiveCfg = Release|x64
		{B2B41975-08C7-4FD9-AB8F-027D06E238D7}.Release|x64.Build.0 = Release|x64
		{B2B41975-08C7-4FD9-AB8F-027D06E238D7}.Release|x86.ActiveCfg = Release|Win32
		{B2B41975-08C7-4FD9-AB8F-027D06E238D7}.Release|x86.Build.0 = Release|Win32
		{CEF9FEAC-172C-4E49-9A8A-57372E76B00C}.Debug|Any CPU.ActiveCfg = Debug|Any CPU
		{CEF9FEAC-172C-4E49-9A8A-57372E76B00C}.Debug|Any CPU.Build.0 = Debug|Any CPU
		{CEF9FEAC-172C-4E49-9A8A-57372E76B00C}.Debug|x64.ActiveCfg = Debug|Any CPU
		{CEF9FEAC-172C-4E49-9A8A-57372E76B00C}.Debug|x64.Build.0 = Debug|Any CPU
		{CEF9FEAC-172C-4E49-9A8A-57372E76B00C}.Debug|x86.ActiveCfg = Debug|Any CPU
		{CEF9FEAC-172C-4E49-9A8A-57372E76B00C}.Debug|x86.Build.0 = Debug|Any CPU
		{CEF9FEAC-172C-4E49-9A8A-57372E76B00C}.Release|Any CPU.ActiveCfg = Release|Any CPU
		{CEF9FEAC-172C-4E49-9A8A-57372E76B00C}.Release|Any CPU.Build.0 = Release|Any CPU
		{CEF9FEAC-172C-4E49-9A8A-57372E76B00C}.Release|x64.ActiveCfg = Release|Any CPU
		{CEF9FEAC-172C-4E49-9A8A-57372E76B00C}.Release|x64.Build.0 = Release|Any CPU
		{CEF9FEAC-172C-4E49-9A8A-57372E76B00C}.Release|x86.ActiveCfg = Release|Any CPU
		{CEF9FEAC-172C-4E49-9A8A-57372E76B00C}.Release|x86.Build.0 = Release|Any CPU
	EndGlobalSection
	GlobalSection(SolutionProperties) = preSolution
		HideSolutionNode = FALSE
	EndGlobalSection
	GlobalSection(NestedProjects) = preSolution
		{97245E0F-F802-4B64-84D9-D11CDA946964} = {D6015C4C-D987-45A6-94F4-6FAE1BA2D3B5}
		{8D8EBABD-B083-4775-AF55-FB256B45BCFC} = {D6015C4C-D987-45A6-94F4-6FAE1BA2D3B5}
		{D1E376D9-20E0-42D4-AE0B-C395CC90B27C} = {2EAF76CF-F2D1-4161-B905-33D78904C83E}
		{C87AAAF1-FA74-4D1F-B80F-5BDBFBD06A04} = {6E70CF21-11B8-46BD-A2D3-0C8BEBAF81C2}
		{23731093-41B1-47D9-BB9B-24A2F5535AFD} = {6E70CF21-11B8-46BD-A2D3-0C8BEBAF81C2}
		{D0DDC1EB-E168-48EB-8A7C-64F1A6D82B19} = {D6015C4C-D987-45A6-94F4-6FAE1BA2D3B5}
		{25B892B3-543B-4C50-A740-89F51FE80C6F} = {2EAF76CF-F2D1-4161-B905-33D78904C83E}
		{5885CC7A-EF12-4782-90A0-AE547B3B9F06} = {6E70CF21-11B8-46BD-A2D3-0C8BEBAF81C2}
		{444B45C9-748B-480A-9ADA-732BB6A3B068} = {6E70CF21-11B8-46BD-A2D3-0C8BEBAF81C2}
		{ADAD8D3A-D5AE-41A9-B6CE-8217E9DA0979} = {918ED289-3087-43D4-A168-73CE4F94C850}
		{36E31F08-6EAE-450B-BAD2-3EC619003D63} = {D6015C4C-D987-45A6-94F4-6FAE1BA2D3B5}
		{B2B41975-08C7-4FD9-AB8F-027D06E238D7} = {D6015C4C-D987-45A6-94F4-6FAE1BA2D3B5}
		{CEF9FEAC-172C-4E49-9A8A-57372E76B00C} = {D6015C4C-D987-45A6-94F4-6FAE1BA2D3B5}
	EndGlobalSection
	GlobalSection(ExtensibilityGlobals) = postSolution
		SolutionGuid = {CE71D9F6-7E61-420E-8868-B705963D3781}
	EndGlobalSection
EndGlobal
