<?xml version="1.0" encoding="utf-8"?>
<Project ToolsVersion="4.0" xmlns="http://schemas.microsoft.com/developer/msbuild/2003">
  <ItemGroup>
    <Filter Include="Source Files">
      <UniqueIdentifier>{4FC737F1-C7A5-4376-A066-2A32D752A2FF}</UniqueIdentifier>
      <Extensions>cpp;c;cc;cxx;def;odl;idl;hpj;bat;asm;asmx</Extensions>
    </Filter>
    <Filter Include="Header Files">
      <UniqueIdentifier>{93995380-89BD-4b04-88EB-625FBE52EBFB}</UniqueIdentifier>
      <Extensions>h;hh;hpp;hxx;hm;inl;inc;xsd</Extensions>
    </Filter>
    <Filter Include="Resource Files">
      <UniqueIdentifier>{67DA6AB6-F800-4c08-8B7A-83BB121AAD01}</UniqueIdentifier>
      <Extensions>rc;ico;cur;bmp;dlg;rc2;rct;bin;rgs;gif;jpg;jpeg;jpe;resx;tiff;tif;png;wav;mfcribbon-ms</Extensions>
    </Filter>
    <Filter Include="Header Files\AudioEffects.h">
      <UniqueIdentifier>{87ad76c3-de27-4c29-8fba-eb9e694d2fb7}</UniqueIdentifier>
    </Filter>
    <Filter Include="Source Files\AudioEffects.c">
      <UniqueIdentifier>{cbe40e70-e50c-4aa3-b602-6ea500de8ba9}</UniqueIdentifier>
    </Filter>
  </ItemGroup>
  <ItemGroup>
    <ClCompile Include="AudioEngine.cpp">
      <Filter>Source Files</Filter>
    </ClCompile>
    <ClCompile Include="Audio.cpp">
      <Filter>Source Files</Filter>
    </ClCompile>
    <ClCompile Include="FadeInEffect.cpp">
      <Filter>Source Files\AudioEffects.c</Filter>
    </ClCompile>
    <ClCompile Include="FadeOutEffect.cpp">
      <Filter>Source Files\AudioEffects.c</Filter>
    </ClCompile>
  </ItemGroup>
  <ItemGroup>
    <ClInclude Include="AudioEngine.h">
      <Filter>Header Files</Filter>
    </ClInclude>
    <ClInclude Include="Audio.h">
      <Filter>Header Files</Filter>
    </ClInclude>
    <ClInclude Include="AudioMacro.h">
      <Filter>Header Files</Filter>
    </ClInclude>
    <ClInclude Include="AudioTime.h">
      <Filter>Header Files</Filter>
    </ClInclude>
    <ClInclude Include="AudioEffect.h">
      <Filter>Header Files</Filter>
    </ClInclude>
    <ClInclude Include="FadeInEffect.h">
      <Filter>Header Files\AudioEffects.h</Filter>
    </ClInclude>
    <ClInclude Include="AudioStorageBuffer.h">
      <Filter>Header Files</Filter>
    </ClInclude>
    <ClInclude Include="FadeOutEffect.h">
      <Filter>Header Files\AudioEffects.h</Filter>
    </ClInclude>
    <ClInclude Include="WaveFormat.h">
      <Filter>Header Files</Filter>
    </ClInclude>
  </ItemGroup>
</Project>